// !$*UTF8*$!
{
	archiveVersion = 1;
	classes = {
	};
	objectVersion = 46;
	objects = {

/* Begin PBXBuildFile section */
		00CAC75616B76A9A00150A9C /* main.cpp in Sources */ = {isa = PBXBuildFile; fileRef = 00CAC75516B76A9A00150A9C /* main.cpp */; };
		00CAC75816B76A9A00150A9C /* __2_iterators_impl.1 in CopyFiles */ = {isa = PBXBuildFile; fileRef = 00CAC75716B76A9A00150A9C /* __2_iterators_impl.1 */; };
/* End PBXBuildFile section */

/* Begin PBXCopyFilesBuildPhase section */
		00CAC74F16B76A9A00150A9C /* CopyFiles */ = {
			isa = PBXCopyFilesBuildPhase;
			buildActionMask = 2147483647;
			dstPath = /usr/share/man/man1/;
			dstSubfolderSpec = 0;
			files = (
				00CAC75816B76A9A00150A9C /* __2_iterators_impl.1 in CopyFiles */,
			);
			runOnlyForDeploymentPostprocessing = 1;
		};
/* End PBXCopyFilesBuildPhase section */

/* Begin PBXFileReference section */
		00CAC75116B76A9A00150A9C /* 8-2-iterators-impl */ = {isa = PBXFileReference; explicitFileType = "compiled.mach-o.executable"; includeInIndex = 0; path = "8-2-iterators-impl"; sourceTree = BUILT_PRODUCTS_DIR; };
		00CAC75516B76A9A00150A9C /* main.cpp */ = {isa = PBXFileReference; lastKnownFileType = sourcecode.cpp.cpp; path = main.cpp; sourceTree = "<group>"; };
		00CAC75716B76A9A00150A9C /* __2_iterators_impl.1 */ = {isa = PBXFileReference; lastKnownFileType = text.man; path = __2_iterators_impl.1; sourceTree = "<group>"; };
/* End PBXFileReference section */

/* Begin PBXFrameworksBuildPhase section */
		00CAC74E16B76A9A00150A9C /* Frameworks */ = {
			isa = PBXFrameworksBuildPhase;
			buildActionMask = 2147483647;
			files = (
			);
			runOnlyForDeploymentPostprocessing = 0;
		};
/* End PBXFrameworksBuildPhase section */

/* Begin PBXGroup section */
		00CAC74616B76A9A00150A9C = {
			isa = PBXGroup;
			children = (
				00CAC75416B76A9A00150A9C /* 8-2-iterators-impl */,
				00CAC75216B76A9A00150A9C /* Products */,
			);
			sourceTree = "<group>";
		};
		00CAC75216B76A9A00150A9C /* Products */ = {
			isa = PBXGroup;
			children = (
				00CAC75116B76A9A00150A9C /* 8-2-iterators-impl */,
			);
			name = Products;
			sourceTree = "<group>";
		};
		00CAC75416B76A9A00150A9C /* 8-2-iterators-impl */ = {
			isa = PBXGroup;
			children = (
				00CAC75516B76A9A00150A9C /* main.cpp */,
				00CAC75716B76A9A00150A9C /* __2_iterators_impl.1 */,
			);
			path = "8-2-iterators-impl";
			sourceTree = "<group>";
		};
/* End PBXGroup section */

/* Begin PBXNativeTarget section */
		00CAC75016B76A9A00150A9C /* 8-2-iterators-impl */ = {
			isa = PBXNativeTarget;
			buildConfigurationList = 00CAC75B16B76A9A00150A9C /* Build configuration list for PBXNativeTarget "8-2-iterators-impl" */;
			buildPhases = (
				00CAC74D16B76A9A00150A9C /* Sources */,
				00CAC74E16B76A9A00150A9C /* Frameworks */,
				00CAC74F16B76A9A00150A9C /* CopyFiles */,
			);
			buildRules = (
			);
			dependencies = (
			);
			name = "8-2-iterators-impl";
			productName = "8-2-iterators-impl";
			productReference = 00CAC75116B76A9A00150A9C /* 8-2-iterators-impl */;
			productType = "com.apple.product-type.tool";
		};
/* End PBXNativeTarget section */

/* Begin PBXProject section */
		00CAC74816B76A9A00150A9C /* Project object */ = {
			isa = PBXProject;
			attributes = {
				LastUpgradeCheck = 0450;
				ORGANIZATIONNAME = "Richard Holmes";
			};
			buildConfigurationList = 00CAC74B16B76A9A00150A9C /* Build configuration list for PBXProject "8-2-iterators-impl" */;
			compatibilityVersion = "Xcode 3.2";
			developmentRegion = English;
			hasScannedForEncodings = 0;
			knownRegions = (
				en,
			);
			mainGroup = 00CAC74616B76A9A00150A9C;
			productRefGroup = 00CAC75216B76A9A00150A9C /* Products */;
			projectDirPath = "";
			projectRoot = "";
			targets = (
				00CAC75016B76A9A00150A9C /* 8-2-iterators-impl */,
			);
		};
/* End PBXProject section */

/* Begin PBXSourcesBuildPhase section */
		00CAC74D16B76A9A00150A9C /* Sources */ = {
			isa = PBXSourcesBuildPhase;
			buildActionMask = 2147483647;
			files = (
				00CAC75616B76A9A00150A9C /* main.cpp in Sources */,
			);
			runOnlyForDeploymentPostprocessing = 0;
		};
/* End PBXSourcesBuildPhase section */

/* Begin XCBuildConfiguration section */
		00CAC75916B76A9A00150A9C /* Debug */ = {
			isa = XCBuildConfiguration;
			buildSettings = {
				ALWAYS_SEARCH_USER_PATHS = NO;
				ARCHS = "$(ARCHS_STANDARD_64_BIT)";
				CLANG_CXX_LANGUAGE_STANDARD = "gnu++0x";
				CLANG_CXX_LIBRARY = "libc++";
				CLANG_WARN_EMPTY_BODY = YES;
				CLANG_WARN__DUPLICATE_METHOD_MATCH = YES;
				COPY_PHASE_STRIP = NO;
				GCC_C_LANGUAGE_STANDARD = gnu99;
				GCC_DYNAMIC_NO_PIC = NO;
				GCC_ENABLE_OBJC_EXCEPTIONS = YES;
				GCC_OPTIMIZATION_LEVEL = 0;
				GCC_PREPROCESSOR_DEFINITIONS = (
					"DEBUG=1",
					"$(inherited)",
				);
				GCC_SYMBOLS_PRIVATE_EXTERN = NO;
				GCC_WARN_64_TO_32_BIT_CONVERSION = YES;
				GCC_WARN_ABOUT_RETURN_TYPE = YES;
				GCC_WARN_UNINITIALIZED_AUTOS = YES;
				GCC_WARN_UNUSED_VARIABLE = YES;
				MACOSX_DEPLOYMENT_TARGET = 10.7;
				ONLY_ACTIVE_ARCH = YES;
				SDKROOT = macosx;
			};
			name = Debug;
		};
		00CAC75A16B76A9A00150A9C /* Release */ = {
			isa = XCBuildConfiguration;
			buildSettings = {
				ALWAYS_SEARCH_USER_PATHS = NO;
				ARCHS = "$(ARCHS_STANDARD_64_BIT)";
				CLANG_CXX_LANGUAGE_STANDARD = "gnu++0x";
				CLANG_CXX_LIBRARY = "libc++";
				CLANG_WARN_EMPTY_BODY = YES;
				CLANG_WARN__DUPLICATE_METHOD_MATCH = YES;
				COPY_PHASE_STRIP = YES;
				DEBUG_INFORMATION_FORMAT = "dwarf-with-dsym";
				GCC_C_LANGUAGE_STANDARD = gnu99;
				GCC_ENABLE_OBJC_EXCEPTIONS = YES;
				GCC_WARN_64_TO_32_BIT_CONVERSION = YES;
				GCC_WARN_ABOUT_RETURN_TYPE = YES;
				GCC_WARN_UNINITIALIZED_AUTOS = YES;
				GCC_WARN_UNUSED_VARIABLE = YES;
				MACOSX_DEPLOYMENT_TARGET = 10.7;
				SDKROOT = macosx;
			};
			name = Release;
		};
		00CAC75C16B76A9A00150A9C /* Debug */ = {
			isa = XCBuildConfiguration;
			buildSettings = {
				PRODUCT_NAME = "$(TARGET_NAME)";
			};
			name = Debug;
		};
		00CAC75D16B76A9A00150A9C /* Release */ = {
			isa = XCBuildConfiguration;
			buildSettings = {
				PRODUCT_NAME = "$(TARGET_NAME)";
			};
			name = Release;
		};
/* End XCBuildConfiguration section */

/* Begin XCConfigurationList section */
		00CAC74B16B76A9A00150A9C /* Build configuration list for PBXProject "8-2-iterators-impl" */ = {
			isa = XCConfigurationList;
			buildConfigurations = (
				00CAC75916B76A9A00150A9C /* Debug */,
				00CAC75A16B76A9A00150A9C /* Release */,
			);
			defaultConfigurationIsVisible = 0;
			defaultConfigurationName = Release;
		};
		00CAC75B16B76A9A00150A9C /* Build configuration list for PBXNativeTarget "8-2-iterators-impl" */ = {
			isa = XCConfigurationList;
			buildConfigurations = (
				00CAC75C16B76A9A00150A9C /* Debug */,
				00CAC75D16B76A9A00150A9C /* Release */,
			);
			defaultConfigurationIsVisible = 0;
		};
/* End XCConfigurationList section */
	};
	rootObject = 00CAC74816B76A9A00150A9C /* Project object */;
}
